<?xml version="1.0" encoding="utf-8"?>
<Project ToolsVersion="4.0" xmlns="http://schemas.microsoft.com/developer/msbuild/2003">
  <ItemGroup>
    <ClCompile Include="Source\ball.cpp">
      <Filter>Source</Filter>
    </ClCompile>
    <ClCompile Include="Source\BallManager.cpp">
      <Filter>Source</Filter>
    </ClCompile>
    <ClCompile Include="Source\Bullet.cpp">
      <Filter>Source</Filter>
    </ClCompile>
    <ClCompile Include="Source\BulletManager.cpp">
      <Filter>Source</Filter>
    </ClCompile>
    <ClCompile Include="Source\field.cpp">
      <Filter>Source</Filter>
    </ClCompile>
    <ClCompile Include="Source\FieldManager.cpp">
      <Filter>Source</Filter>
    </ClCompile>
    <ClCompile Include="Source\game.cpp">
      <Filter>Source</Filter>
    </ClCompile>
    <ClCompile Include="Source\InputManager.cpp">
      <Filter>Source</Filter>
    </ClCompile>
    <ClCompile Include="Source\keyProcess.cpp">
      <Filter>Source</Filter>
    </ClCompile>
    <ClCompile Include="Source\object.cpp">
      <Filter>Source</Filter>
    </ClCompile>
    <ClCompile Include="Source\openGLFramework.cpp">
      <Filter>Source</Filter>
    </ClCompile>
    <ClCompile Include="Source\openGLStuff.cpp">
      <Filter>Source</Filter>
    </ClCompile>
    <ClCompile Include="Source\random.cpp">
      <Filter>Source</Filter>
    </ClCompile>
    <ClCompile Include="Source\ShapeDraw.cpp">
      <Filter>Source</Filter>
    </ClCompile>
    <ClCompile Include="Source\SpriteManager.cpp">
      <Filter>Source</Filter>
    </ClCompile>
    <ClCompile Include="Source\stateManager.cpp">
      <Filter>Source</Filter>
    </ClCompile>
    <ClCompile Include="BulletWave.cpp">
      <Filter>Source</Filter>
    </ClCompile>
  </ItemGroup>
  <ItemGroup>
    <ClInclude Include="Header\ball.h">
      <Filter>Header</Filter>
    </ClInclude>
    <ClInclude Include="Header\BallManager.h">
      <Filter>Header</Filter>
    </ClInclude>
    <ClInclude Include="Header\baseTypes.h">
      <Filter>Header</Filter>
    </ClInclude>
    <ClInclude Include="Header\Bullet.h">
      <Filter>Header</Filter>
    </ClInclude>
    <ClInclude Include="Header\BulletManager.h">
      <Filter>Header</Filter>
    </ClInclude>
    <ClInclude Include="Header\collInfo.h">
      <Filter>Header</Filter>
    </ClInclude>
    <ClInclude Include="Header\field.h">
      <Filter>Header</Filter>
    </ClInclude>
    <ClInclude Include="Header\FieldManager.h">
      <Filter>Header</Filter>
    </ClInclude>
    <ClInclude Include="Header\game.h">
      <Filter>Header</Filter>
    </ClInclude>
    <ClInclude Include="Header\gamedefs.h">
      <Filter>Header</Filter>
    </ClInclude>
    <ClInclude Include="Header\gameObjects.h">
      <Filter>Header</Filter>
    </ClInclude>
    <ClInclude Include="lib\glut.h">
      <Filter>Header</Filter>
    </ClInclude>
    <ClInclude Include="Header\InputManager.h">
      <Filter>Header</Filter>
    </ClInclude>
    <ClInclude Include="Header\Object.h">
      <Filter>Header</Filter>
    </ClInclude>
    <ClInclude Include="Header\openGLFramework.h">
      <Filter>Header</Filter>
    </ClInclude>
    <ClInclude Include="Header\openGLStuff.h">
      <Filter>Header</Filter>
    </ClInclude>
    <ClInclude Include="Header\random.h">
      <Filter>Header</Filter>
    </ClInclude>
    <ClInclude Include="Header\ShapeDraw.h">
      <Filter>Header</Filter>
    </ClInclude>
    <ClInclude Include="lib\SOIL.h">
      <Filter>Header</Filter>
    </ClInclude>
    <ClInclude Include="Header\SpriteManager.h">
      <Filter>Header</Filter>
    </ClInclude>
    <ClInclude Include="Header\stateManager.h">
      <Filter>Header</Filter>
    </ClInclude>
    <ClInclude Include="Header\types.h">
      <Filter>Header</Filter>
    </ClInclude>
    <ClInclude Include="gl\glut.h">
      <Filter>Header</Filter>
    </ClInclude>
    <ClInclude Include="BulletWave.h">
      <Filter>Header</Filter>
    </ClInclude>
  </ItemGroup>
  <ItemGroup>
    <Filter Include="Source">
      <UniqueIdentifier>{4c35d207-70e3-4935-8392-d3ea4d229d2a}</UniqueIdentifier>
    </Filter>
    <Filter Include="Header">
      <UniqueIdentifier>{85a8b2fd-262f-44dc-8238-9fdff204fc8f}</UniqueIdentifier>
    </Filter>
  </ItemGroup>
</Project>